{
  "name": "coder-council",
  "version": "0.3.0",
  "lockfileVersion": 3,
  "requires": true,
  "packages": {
    "": {
      "name": "coder-council",
      "version": "0.3.0",
      "license": "Apache-2.0",
      "bin": {
        "coder-council": "bin/council.js",
        "council": "bin/council.js"
      },
      "engines": {
        "node": ">=20"
      }
    }
  }
}
